
Microsoft Visual Studio Solution File, Format Version 12.00
# Visual Studio 14
VisualStudioVersion = 14.0.25420.1
MinimumVisualStudioVersion = 10.0.40219.1
Project("{8BC9CEB8-8B4A-11D0-8D11-00A0C91BC942}") = "2012-Object Viewer", "2012\OBJ-model-viewer\ObjectViewer.vcxproj", "{13C411C4-5AD8-4157-9996-9C39FCFE22EF}"
EndProject
Project("{8BC9CEB8-8B4A-11D0-8D11-00A0C91BC942}") = "SOIL", "Simple OpenGL Image Library\projects\VC9\SOIL.vcxproj", "{C32FB2B4-500C-43CD-A099-EECCE079D3F1}"
EndProject
Project("{8BC9CEB8-8B4A-11D0-8D11-00A0C91BC942}") = "2013-Maze", "2013\JuegoDSG\jokua-2013-14.vcxproj", "{A90E493B-D22B-4FAF-A7AF-8C71287F7DE4}"
EndProject
Project("{8BC9CEB8-8B4A-11D0-8D11-00A0C91BC942}") = "OpenGL-base", "OpenGL-base\Lab1.vcxproj", "{A1629DD3-6274-42FD-8F6D-75918D1BB1EC}"
EndProject
Project("{8BC9CEB8-8B4A-11D0-8D11-00A0C91BC942}") = "OpenGL-shaders", "OpenGL-shaders\Shaders.vcxproj", "{F8263294-22B7-45C1-BA7D-6B22144AF41D}"
EndProject
Project("{8BC9CEB8-8B4A-11D0-8D11-00A0C91BC942}") = "OpenGL-base_Asierro", "labs\asierrodriguez-base\Lab1_asierro.vcxproj", "{1729ED14-0D2C-41ED-9558-47DFB529883C}"
EndProject
Global
	GlobalSection(SolutionConfigurationPlatforms) = preSolution
		Debug|Win32 = Debug|Win32
		Debug|x64 = Debug|x64
		Release|Win32 = Release|Win32
		Release|x64 = Release|x64
	EndGlobalSection
	GlobalSection(ProjectConfigurationPlatforms) = postSolution
		{13C411C4-5AD8-4157-9996-9C39FCFE22EF}.Debug|Win32.ActiveCfg = Debug|Win32
		{13C411C4-5AD8-4157-9996-9C39FCFE22EF}.Debug|Win32.Build.0 = Debug|Win32
		{13C411C4-5AD8-4157-9996-9C39FCFE22EF}.Debug|x64.ActiveCfg = Debug|Win32
		{13C411C4-5AD8-4157-9996-9C39FCFE22EF}.Release|Win32.ActiveCfg = Release|Win32
		{13C411C4-5AD8-4157-9996-9C39FCFE22EF}.Release|Win32.Build.0 = Release|Win32
		{13C411C4-5AD8-4157-9996-9C39FCFE22EF}.Release|x64.ActiveCfg = Release|Win32
		{C32FB2B4-500C-43CD-A099-EECCE079D3F1}.Debug|Win32.ActiveCfg = Debug|Win32
		{C32FB2B4-500C-43CD-A099-EECCE079D3F1}.Debug|Win32.Build.0 = Debug|Win32
		{C32FB2B4-500C-43CD-A099-EECCE079D3F1}.Debug|x64.ActiveCfg = Debug|x64
		{C32FB2B4-500C-43CD-A099-EECCE079D3F1}.Debug|x64.Build.0 = Debug|x64
		{C32FB2B4-500C-43CD-A099-EECCE079D3F1}.Release|Win32.ActiveCfg = Release|Win32
		{C32FB2B4-500C-43CD-A099-EECCE079D3F1}.Release|Win32.Build.0 = Release|Win32
		{C32FB2B4-500C-43CD-A099-EECCE079D3F1}.Release|x64.ActiveCfg = Release|x64
		{C32FB2B4-500C-43CD-A099-EECCE079D3F1}.Release|x64.Build.0 = Release|x64
		{A90E493B-D22B-4FAF-A7AF-8C71287F7DE4}.Debug|Win32.ActiveCfg = Debug|Win32
		{A90E493B-D22B-4FAF-A7AF-8C71287F7DE4}.Debug|Win32.Build.0 = Debug|Win32
		{A90E493B-D22B-4FAF-A7AF-8C71287F7DE4}.Debug|x64.ActiveCfg = Debug|Win32
		{A90E493B-D22B-4FAF-A7AF-8C71287F7DE4}.Release|Win32.ActiveCfg = Release|Win32
		{A90E493B-D22B-4FAF-A7AF-8C71287F7DE4}.Release|Win32.Build.0 = Release|Win32
		{A90E493B-D22B-4FAF-A7AF-8C71287F7DE4}.Release|x64.ActiveCfg = Release|Win32
		{A1629DD3-6274-42FD-8F6D-75918D1BB1EC}.Debug|Win32.ActiveCfg = Debug|Win32
		{A1629DD3-6274-42FD-8F6D-75918D1BB1EC}.Debug|Win32.Build.0 = Debug|Win32
		{A1629DD3-6274-42FD-8F6D-75918D1BB1EC}.Debug|x64.ActiveCfg = Debug|Win32
		{A1629DD3-6274-42FD-8F6D-75918D1BB1EC}.Release|Win32.ActiveCfg = Release|Win32
		{A1629DD3-6274-42FD-8F6D-75918D1BB1EC}.Release|Win32.Build.0 = Release|Win32
		{A1629DD3-6274-42FD-8F6D-75918D1BB1EC}.Release|x64.ActiveCfg = Release|Win32
		{F8263294-22B7-45C1-BA7D-6B22144AF41D}.Debug|Win32.ActiveCfg = Debug|Win32
		{F8263294-22B7-45C1-BA7D-6B22144AF41D}.Debug|Win32.Build.0 = Debug|Win32
		{F8263294-22B7-45C1-BA7D-6B22144AF41D}.Debug|x64.ActiveCfg = Debug|Win32
		{F8263294-22B7-45C1-BA7D-6B22144AF41D}.Release|Win32.ActiveCfg = Release|Win32
		{F8263294-22B7-45C1-BA7D-6B22144AF41D}.Release|Win32.Build.0 = Release|Win32
		{F8263294-22B7-45C1-BA7D-6B22144AF41D}.Release|x64.ActiveCfg = Release|Win32
		{1729ED14-0D2C-41ED-9558-47DFB529883C}.Debug|Win32.ActiveCfg = Debug|Win32
		{1729ED14-0D2C-41ED-9558-47DFB529883C}.Debug|Win32.Build.0 = Debug|Win32
		{1729ED14-0D2C-41ED-9558-47DFB529883C}.Debug|x64.ActiveCfg = Debug|Win32
		{1729ED14-0D2C-41ED-9558-47DFB529883C}.Release|Win32.ActiveCfg = Release|Win32
		{1729ED14-0D2C-41ED-9558-47DFB529883C}.Release|Win32.Build.0 = Release|Win32
		{1729ED14-0D2C-41ED-9558-47DFB529883C}.Release|x64.ActiveCfg = Release|Win32
	EndGlobalSection
	GlobalSection(SolutionProperties) = preSolution
		HideSolutionNode = FALSE
	EndGlobalSection
EndGlobal
